{
    "_readme": [
        "This file locks the dependencies of your project to a known state",
        "Read more about it at https://getcomposer.org/doc/01-basic-usage.md#installing-dependencies",
        "This file is @generated automatically"
    ],
    "content-hash": "9293b965eee68ddd28c4039f0bc8a413",
    "packages": [
        {
            "name": "drupal/drupal",
            "version": "7.91.0",
            "source": {
                "type": "git",
                "url": "https://git.drupalcode.org/project/drupal.git",
                "reference": "7.91"
            },
            "dist": {
                "type": "zip",
                "url": "https://ftp.drupal.org/files/projects/drupal-7.91.zip",
                "reference": "7.91",
                "shasum": "36512a6115095fbf0af39c8821cd09bb7c476715"
            },
            "type": "drupal-core",
            "extra": {
                "drupal": {
                    "version": "7.91",
                    "datestamp": "1658338462",
                    "security-coverage": {
                        "status": "covered",
                        "message": "Covered by Drupal's security advisory policy"
                    }
                }
            },
            "notification-url": "https://packages.drupal.org/7/downloads",
            "license": [
                "GPL-2.0-or-later"
            ],
            "authors": [
                {
                    "name": "alexpott",
                    "homepage": "https://www.drupal.org/user/157725"
                },
                {
                    "name": "bnjmnm",
                    "homepage": "https://www.drupal.org/user/2369194"
                },
                {
                    "name": "catch",
                    "homepage": "https://www.drupal.org/user/35733"
                },
                {
                    "name": "ckrina",
                    "homepage": "https://www.drupal.org/user/1206650"
                },
                {
                    "name": "Dries",
                    "homepage": "https://www.drupal.org/user/1"
                },
                {
                    "name": "Drupal",
                    "homepage": "https://www.drupal.org/user/3"
                },
                {
                    "name": "effulgentsia",
                    "homepage": "https://www.drupal.org/user/78040"
                },
                {
                    "name": "Fabianx",
                    "homepage": "https://www.drupal.org/user/693738"
                },
                {
                    "name": "Gábor Hojtsy",
                    "homepage": "https://www.drupal.org/user/4166"
                },
                {
                    "name": "larowlan",
                    "homepage": "https://www.drupal.org/user/395439"
                },
                {
                    "name": "lauriii",
                    "homepage": "https://www.drupal.org/user/1078742"
                },
                {
                    "name": "mcdruid",
                    "homepage": "https://www.drupal.org/user/255969"
                },
                {
                    "name": "poker10",
                    "homepage": "https://www.drupal.org/user/272316"
                },
                {
                    "name": "quietone",
                    "homepage": "https://www.drupal.org/user/2572884"
                },
                {
                    "name": "webchick",
                    "homepage": "https://www.drupal.org/user/24967"
                },
                {
                    "name": "xjm",
                    "homepage": "https://www.drupal.org/user/65776"
                },
                {
                    "name": "yoroy",
                    "homepage": "https://www.drupal.org/user/41502"
                }
            ],
            "homepage": "https://www.drupal.org/project/drupal",
            "support": {
                "source": "https://git.drupalcode.org/project/drupal"
            }
        }
    ],
    "packages-dev": [],
    "aliases": [],
    "minimum-stability": "dev",
    "stability-flags": [],
    "prefer-stable": true,
    "prefer-lowest": false,
    "platform": [],
    "platform-dev": [],
    "plugin-api-version": "2.2.0"
}
